
Microsoft Visual Studio Solution File, Format Version 12.00
# Visual Studio Version 17
VisualStudioVersion = 17.5.2.0
MinimumVisualStudioVersion = 10.0.40219.1
Project("{2150E333-8FDC-42A3-9474-1A3956D46DE8}") = "Shopkeeper.API", "Shopkeeper.API", "{480E50AA-C03F-9AD2-0FB7-E6D63788CFE5}"
EndProject
Project("{FAE04EC0-301F-11D3-BF4B-00C04F79EFBC}") = "ShopKeeper.API", "Shopkeeper.API\ShopKeeper.API\ShopKeeper.API.csproj", "{E289725F-AE43-491B-3301-19A55B38C169}"
EndProject
Project("{FAE04EC0-301F-11D3-BF4B-00C04F79EFBC}") = "ShopKeeper.Models", "ShopKeeper.Models\ShopKeeper.Models.csproj", "{13B3238A-EABB-448D-A816-04F01A5F8B43}"
EndProject
Project("{FAE04EC0-301F-11D3-BF4B-00C04F79EFBC}") = "ShopKeeper.Repository", "ShopKeeper.Repository\ShopKeeper.Repository.csproj", "{5D348C09-E9B8-4448-A9FF-F5E4EF0D6D40}"
EndProject
Project("{FAE04EC0-301F-11D3-BF4B-00C04F79EFBC}") = "ShopKeeper.Interface", "ShopKeeper.Interface\ShopKeeper.Interface.csproj", "{81895CA3-BC52-40AE-886D-72B437FB80DD}"
EndProject
Project("{FAE04EC0-301F-11D3-BF4B-00C04F79EFBC}") = "ShopKeeper.Services", "ShopKeeper.Services\ShopKeeper.Services.csproj", "{D8A063F0-A417-4155-AACD-F684DD42AD13}"
EndProject
Global
	GlobalSection(SolutionConfigurationPlatforms) = preSolution
		Debug|Any CPU = Debug|Any CPU
		Debug|x64 = Debug|x64
		Debug|x86 = Debug|x86
		Release|Any CPU = Release|Any CPU
		Release|x64 = Release|x64
		Release|x86 = Release|x86
	EndGlobalSection
	GlobalSection(ProjectConfigurationPlatforms) = postSolution
		{E289725F-AE43-491B-3301-19A55B38C169}.Debug|Any CPU.ActiveCfg = Debug|Any CPU
		{E289725F-AE43-491B-3301-19A55B38C169}.Debug|Any CPU.Build.0 = Debug|Any CPU
		{E289725F-AE43-491B-3301-19A55B38C169}.Debug|x64.ActiveCfg = Debug|Any CPU
		{E289725F-AE43-491B-3301-19A55B38C169}.Debug|x64.Build.0 = Debug|Any CPU
		{E289725F-AE43-491B-3301-19A55B38C169}.Debug|x86.ActiveCfg = Debug|Any CPU
		{E289725F-AE43-491B-3301-19A55B38C169}.Debug|x86.Build.0 = Debug|Any CPU
		{E289725F-AE43-491B-3301-19A55B38C169}.Release|Any CPU.ActiveCfg = Release|Any CPU
		{E289725F-AE43-491B-3301-19A55B38C169}.Release|Any CPU.Build.0 = Release|Any CPU
		{E289725F-AE43-491B-3301-19A55B38C169}.Release|x64.ActiveCfg = Release|Any CPU
		{E289725F-AE43-491B-3301-19A55B38C169}.Release|x64.Build.0 = Release|Any CPU
		{E289725F-AE43-491B-3301-19A55B38C169}.Release|x86.ActiveCfg = Release|Any CPU
		{E289725F-AE43-491B-3301-19A55B38C169}.Release|x86.Build.0 = Release|Any CPU
		{13B3238A-EABB-448D-A816-04F01A5F8B43}.Debug|Any CPU.ActiveCfg = Debug|Any CPU
		{13B3238A-EABB-448D-A816-04F01A5F8B43}.Debug|Any CPU.Build.0 = Debug|Any CPU
		{13B3238A-EABB-448D-A816-04F01A5F8B43}.Debug|x64.ActiveCfg = Debug|Any CPU
		{13B3238A-EABB-448D-A816-04F01A5F8B43}.Debug|x64.Build.0 = Debug|Any CPU
		{13B3238A-EABB-448D-A816-04F01A5F8B43}.Debug|x86.ActiveCfg = Debug|Any CPU
		{13B3238A-EABB-448D-A816-04F01A5F8B43}.Debug|x86.Build.0 = Debug|Any CPU
		{13B3238A-EABB-448D-A816-04F01A5F8B43}.Release|Any CPU.ActiveCfg = Release|Any CPU
		{13B3238A-EABB-448D-A816-04F01A5F8B43}.Release|Any CPU.Build.0 = Release|Any CPU
		{13B3238A-EABB-448D-A816-04F01A5F8B43}.Release|x64.ActiveCfg = Release|Any CPU
		{13B3238A-EABB-448D-A816-04F01A5F8B43}.Release|x64.Build.0 = Release|Any CPU
		{13B3238A-EABB-448D-A816-04F01A5F8B43}.Release|x86.ActiveCfg = Release|Any CPU
		{13B3238A-EABB-448D-A816-04F01A5F8B43}.Release|x86.Build.0 = Release|Any CPU
		{5D348C09-E9B8-4448-A9FF-F5E4EF0D6D40}.Debug|Any CPU.ActiveCfg = Debug|Any CPU
		{5D348C09-E9B8-4448-A9FF-F5E4EF0D6D40}.Debug|Any CPU.Build.0 = Debug|Any CPU
		{5D348C09-E9B8-4448-A9FF-F5E4EF0D6D40}.Debug|x64.ActiveCfg = Debug|Any CPU
		{5D348C09-E9B8-4448-A9FF-F5E4EF0D6D40}.Debug|x64.Build.0 = Debug|Any CPU
		{5D348C09-E9B8-4448-A9FF-F5E4EF0D6D40}.Debug|x86.ActiveCfg = Debug|Any CPU
		{5D348C09-E9B8-4448-A9FF-F5E4EF0D6D40}.Debug|x86.Build.0 = Debug|Any CPU
		{5D348C09-E9B8-4448-A9FF-F5E4EF0D6D40}.Release|Any CPU.ActiveCfg = Release|Any CPU
		{5D348C09-E9B8-4448-A9FF-F5E4EF0D6D40}.Release|Any CPU.Build.0 = Release|Any CPU
		{5D348C09-E9B8-4448-A9FF-F5E4EF0D6D40}.Release|x64.ActiveCfg = Release|Any CPU
		{5D348C09-E9B8-4448-A9FF-F5E4EF0D6D40}.Release|x64.Build.0 = Release|Any CPU
		{5D348C09-E9B8-4448-A9FF-F5E4EF0D6D40}.Release|x86.ActiveCfg = Release|Any CPU
		{5D348C09-E9B8-4448-A9FF-F5E4EF0D6D40}.Release|x86.Build.0 = Release|Any CPU
		{81895CA3-BC52-40AE-886D-72B437FB80DD}.Debug|Any CPU.ActiveCfg = Debug|Any CPU
		{81895CA3-BC52-40AE-886D-72B437FB80DD}.Debug|Any CPU.Build.0 = Debug|Any CPU
		{81895CA3-BC52-40AE-886D-72B437FB80DD}.Debug|x64.ActiveCfg = Debug|Any CPU
		{81895CA3-BC52-40AE-886D-72B437FB80DD}.Debug|x64.Build.0 = Debug|Any CPU
		{81895CA3-BC52-40AE-886D-72B437FB80DD}.Debug|x86.ActiveCfg = Debug|Any CPU
		{81895CA3-BC52-40AE-886D-72B437FB80DD}.Debug|x86.Build.0 = Debug|Any CPU
		{81895CA3-BC52-40AE-886D-72B437FB80DD}.Release|Any CPU.ActiveCfg = Release|Any CPU
		{81895CA3-BC52-40AE-886D-72B437FB80DD}.Release|Any CPU.Build.0 = Release|Any CPU
		{81895CA3-BC52-40AE-886D-72B437FB80DD}.Release|x64.ActiveCfg = Release|Any CPU
		{81895CA3-BC52-40AE-886D-72B437FB80DD}.Release|x64.Build.0 = Release|Any CPU
		{81895CA3-BC52-40AE-886D-72B437FB80DD}.Release|x86.ActiveCfg = Release|Any CPU
		{81895CA3-BC52-40AE-886D-72B437FB80DD}.Release|x86.Build.0 = Release|Any CPU
		{D8A063F0-A417-4155-AACD-F684DD42AD13}.Debug|Any CPU.ActiveCfg = Debug|Any CPU
		{D8A063F0-A417-4155-AACD-F684DD42AD13}.Debug|Any CPU.Build.0 = Debug|Any CPU
		{D8A063F0-A417-4155-AACD-F684DD42AD13}.Debug|x64.ActiveCfg = Debug|Any CPU
		{D8A063F0-A417-4155-AACD-F684DD42AD13}.Debug|x64.Build.0 = Debug|Any CPU
		{D8A063F0-A417-4155-AACD-F684DD42AD13}.Debug|x86.ActiveCfg = Debug|Any CPU
		{D8A063F0-A417-4155-AACD-F684DD42AD13}.Debug|x86.Build.0 = Debug|Any CPU
		{D8A063F0-A417-4155-AACD-F684DD42AD13}.Release|Any CPU.ActiveCfg = Release|Any CPU
		{D8A063F0-A417-4155-AACD-F684DD42AD13}.Release|Any CPU.Build.0 = Release|Any CPU
		{D8A063F0-A417-4155-AACD-F684DD42AD13}.Release|x64.ActiveCfg = Release|Any CPU
		{D8A063F0-A417-4155-AACD-F684DD42AD13}.Release|x64.Build.0 = Release|Any CPU
		{D8A063F0-A417-4155-AACD-F684DD42AD13}.Release|x86.ActiveCfg = Release|Any CPU
		{D8A063F0-A417-4155-AACD-F684DD42AD13}.Release|x86.Build.0 = Release|Any CPU
	EndGlobalSection
	GlobalSection(SolutionProperties) = preSolution
		HideSolutionNode = FALSE
	EndGlobalSection
	GlobalSection(NestedProjects) = preSolution
		{E289725F-AE43-491B-3301-19A55B38C169} = {480E50AA-C03F-9AD2-0FB7-E6D63788CFE5}
	EndGlobalSection
	GlobalSection(ExtensibilityGlobals) = postSolution
		SolutionGuid = {C0EC5F96-AF7F-42AF-8F6D-E60F92504E96}
	EndGlobalSection
EndGlobal
