Microsoft Visual Studio Solution File, Format Version 12.00
# Visual Studio Version 17
VisualStudioVersion = 17.5.2.0
MinimumVisualStudioVersion = 10.0.40219.1
Project("{2150E333-8FDC-42A3-9474-1A3956D46DE8}") = "Shopkeeper.API", "Shopkeeper.API", "{480E50AA-C03F-9AD2-0FB7-E6D63788CFE5}"
EndProject
Project("{FAE04EC0-301F-11D3-BF4B-00C04F79EFBC}") = "ShopKeeper.API", "Shopkeeper.API\ShopKeeper.API\ShopKeeper.API.csproj", "{E289725F-AE43-491B-3301-19A55B38C169}"
EndProject
Global
	GlobalSection(SolutionConfigurationPlatforms) = preSolution
		Debug|Any CPU = Debug|Any CPU
		Release|Any CPU = Release|Any CPU
	EndGlobalSection
	GlobalSection(ProjectConfigurationPlatforms) = postSolution
		{E289725F-AE43-491B-3301-19A55B38C169}.Debug|Any CPU.ActiveCfg = Debug|Any CPU
		{E289725F-AE43-491B-3301-19A55B38C169}.Debug|Any CPU.Build.0 = Debug|Any CPU
		{E289725F-AE43-491B-3301-19A55B38C169}.Release|Any CPU.ActiveCfg = Release|Any CPU
		{E289725F-AE43-491B-3301-19A55B38C169}.Release|Any CPU.Build.0 = Release|Any CPU
	EndGlobalSection
	GlobalSection(SolutionProperties) = preSolution
		HideSolutionNode = FALSE
	EndGlobalSection
	GlobalSection(NestedProjects) = preSolution
		{E289725F-AE43-491B-3301-19A55B38C169} = {480E50AA-C03F-9AD2-0FB7-E6D63788CFE5}
	EndGlobalSection
	GlobalSection(ExtensibilityGlobals) = postSolution
		SolutionGuid = {C0EC5F96-AF7F-42AF-8F6D-E60F92504E96}
	EndGlobalSection
EndGlobal
